// !$*UTF8*$!
{
	archiveVersion = 1;
	classes = {
	};
	objectVersion = 51;
	objects = {

/* Begin PBXBuildFile section */
		22220378272C1D9C00D08C2E /* MenuItemController.swift in Sources */ = {isa = PBXBuildFile; fileRef = 22220376272C1D9C00D08C2E /* MenuItemController.swift */; };
		2222037D272C1DEC00D08C2E /* HideVideoViewController.swift in Sources */ = {isa = PBXBuildFile; fileRef = 2222037B272C1DEC00D08C2E /* HideVideoViewController.swift */; };
		2222037E272C1DEC00D08C2E /* HideVideoViewController.xib in Resources */ = {isa = PBXBuildFile; fileRef = 2222037C272C1DEC00D08C2E /* HideVideoViewController.xib */; };
		2222038C272C21B900D08C2E /* ManuViewController.swift in Sources */ = {isa = PBXBuildFile; fileRef = 2222038B272C21B900D08C2E /* ManuViewController.swift */; };
		2249CC24272BB47C0067A98D /* MainTabBarViewController.swift in Sources */ = {isa = PBXBuildFile; fileRef = 2249CC23272BB47C0067A98D /* MainTabBarViewController.swift */; };
		2249CC47272BD5790067A98D /* VideoViewController.swift in Sources */ = {isa = PBXBuildFile; fileRef = 2249CC46272BD5790067A98D /* VideoViewController.swift */; };
		2249CC4A272BD5A00067A98D /* FolderViewController.swift in Sources */ = {isa = PBXBuildFile; fileRef = 2249CC49272BD5A00067A98D /* FolderViewController.swift */; };
		2249CC4D272BD5EF0067A98D /* RecentViewController.swift in Sources */ = {isa = PBXBuildFile; fileRef = 2249CC4C272BD5EF0067A98D /* RecentViewController.swift */; };
		22BE8A22272AC8C300539161 /* AppDelegate.swift in Sources */ = {isa = PBXBuildFile; fileRef = 22BE8A21272AC8C300539161 /* AppDelegate.swift */; };
		22BE8A24272AC8C300539161 /* SceneDelegate.swift in Sources */ = {isa = PBXBuildFile; fileRef = 22BE8A23272AC8C300539161 /* SceneDelegate.swift */; };
		22BE8A29272AC8C300539161 /* Main.storyboard in Resources */ = {isa = PBXBuildFile; fileRef = 22BE8A27272AC8C300539161 /* Main.storyboard */; };
		22BE8A2B272AC8C400539161 /* Assets.xcassets in Resources */ = {isa = PBXBuildFile; fileRef = 22BE8A2A272AC8C400539161 /* Assets.xcassets */; };
		22BE8A2E272AC8C400539161 /* LaunchScreen.storyboard in Resources */ = {isa = PBXBuildFile; fileRef = 22BE8A2C272AC8C400539161 /* LaunchScreen.storyboard */; };
		22CD5CC7272BEB8A00E5935A /* VideoViewCell.swift in Sources */ = {isa = PBXBuildFile; fileRef = 22CD5CC6272BEB8A00E5935A /* VideoViewCell.swift */; };
		22CD5CCA272BEB9F00E5935A /* FolderViewCell.swift in Sources */ = {isa = PBXBuildFile; fileRef = 22CD5CC9272BEB9F00E5935A /* FolderViewCell.swift */; };
		22CD5CCD272BEBAB00E5935A /* RecentViewCell.swift in Sources */ = {isa = PBXBuildFile; fileRef = 22CD5CCC272BEBAB00E5935A /* RecentViewCell.swift */; };
		22FD1DF027607932005C4367 /* Model.swift in Sources */ = {isa = PBXBuildFile; fileRef = 22FD1DEF27607932005C4367 /* Model.swift */; };
		7B3B90D3B052CA1162C75269 /* Pods_HD_Video_Player.framework in Frameworks */ = {isa = PBXBuildFile; fileRef = F2D0ABFBFC6F187AEF852798 /* Pods_HD_Video_Player.framework */; };
/* End PBXBuildFile section */

/* Begin PBXFileReference section */
		1283BCE52EB52192F3CBF410 /* Pods-HD Video Player.release.xcconfig */ = {isa = PBXFileReference; includeInIndex = 1; lastKnownFileType = text.xcconfig; name = "Pods-HD Video Player.release.xcconfig"; path = "Target Support Files/Pods-HD Video Player/Pods-HD Video Player.release.xcconfig"; sourceTree = "<group>"; };
		22220376272C1D9C00D08C2E /* MenuItemController.swift */ = {isa = PBXFileReference; lastKnownFileType = sourcecode.swift; path = MenuItemController.swift; sourceTree = "<group>"; };
		2222037B272C1DEC00D08C2E /* HideVideoViewController.swift */ = {isa = PBXFileReference; lastKnownFileType = sourcecode.swift; path = HideVideoViewController.swift; sourceTree = "<group>"; };
		2222037C272C1DEC00D08C2E /* HideVideoViewController.xib */ = {isa = PBXFileReference; lastKnownFileType = file.xib; path = HideVideoViewController.xib; sourceTree = "<group>"; };
		2222038B272C21B900D08C2E /* ManuViewController.swift */ = {isa = PBXFileReference; lastKnownFileType = sourcecode.swift; path = ManuViewController.swift; sourceTree = "<group>"; };
		2249CC23272BB47C0067A98D /* MainTabBarViewController.swift */ = {isa = PBXFileReference; lastKnownFileType = sourcecode.swift; path = MainTabBarViewController.swift; sourceTree = "<group>"; };
		2249CC46272BD5790067A98D /* VideoViewController.swift */ = {isa = PBXFileReference; lastKnownFileType = sourcecode.swift; path = VideoViewController.swift; sourceTree = "<group>"; };
		2249CC49272BD5A00067A98D /* FolderViewController.swift */ = {isa = PBXFileReference; lastKnownFileType = sourcecode.swift; path = FolderViewController.swift; sourceTree = "<group>"; };
		2249CC4C272BD5EF0067A98D /* RecentViewController.swift */ = {isa = PBXFileReference; lastKnownFileType = sourcecode.swift; path = RecentViewController.swift; sourceTree = "<group>"; };
		22BE8A1E272AC8C300539161 /* HD Video Player.app */ = {isa = PBXFileReference; explicitFileType = wrapper.application; includeInIndex = 0; path = "HD Video Player.app"; sourceTree = BUILT_PRODUCTS_DIR; };
		22BE8A21272AC8C300539161 /* AppDelegate.swift */ = {isa = PBXFileReference; lastKnownFileType = sourcecode.swift; path = AppDelegate.swift; sourceTree = "<group>"; };
		22BE8A23272AC8C300539161 /* SceneDelegate.swift */ = {isa = PBXFileReference; lastKnownFileType = sourcecode.swift; path = SceneDelegate.swift; sourceTree = "<group>"; };
		22BE8A28272AC8C300539161 /* Base */ = {isa = PBXFileReference; lastKnownFileType = file.storyboard; name = Base; path = Base.lproj/Main.storyboard; sourceTree = "<group>"; };
		22BE8A2A272AC8C400539161 /* Assets.xcassets */ = {isa = PBXFileReference; lastKnownFileType = folder.assetcatalog; path = Assets.xcassets; sourceTree = "<group>"; };
		22BE8A2D272AC8C400539161 /* Base */ = {isa = PBXFileReference; lastKnownFileType = file.storyboard; name = Base; path = Base.lproj/LaunchScreen.storyboard; sourceTree = "<group>"; };
		22BE8A2F272AC8C400539161 /* Info.plist */ = {isa = PBXFileReference; lastKnownFileType = text.plist.xml; path = Info.plist; sourceTree = "<group>"; };
		22CD5CC6272BEB8A00E5935A /* VideoViewCell.swift */ = {isa = PBXFileReference; lastKnownFileType = sourcecode.swift; path = VideoViewCell.swift; sourceTree = "<group>"; };
		22CD5CC9272BEB9F00E5935A /* FolderViewCell.swift */ = {isa = PBXFileReference; lastKnownFileType = sourcecode.swift; path = FolderViewCell.swift; sourceTree = "<group>"; };
		22CD5CCC272BEBAB00E5935A /* RecentViewCell.swift */ = {isa = PBXFileReference; lastKnownFileType = sourcecode.swift; path = RecentViewCell.swift; sourceTree = "<group>"; };
		22FD1DEF27607932005C4367 /* Model.swift */ = {isa = PBXFileReference; lastKnownFileType = sourcecode.swift; path = Model.swift; sourceTree = "<group>"; };
		8CF525B18247C157F137A1BD /* Pods-HD Video Player.debug.xcconfig */ = {isa = PBXFileReference; includeInIndex = 1; lastKnownFileType = text.xcconfig; name = "Pods-HD Video Player.debug.xcconfig"; path = "Target Support Files/Pods-HD Video Player/Pods-HD Video Player.debug.xcconfig"; sourceTree = "<group>"; };
		F2D0ABFBFC6F187AEF852798 /* Pods_HD_Video_Player.framework */ = {isa = PBXFileReference; explicitFileType = wrapper.framework; includeInIndex = 0; path = Pods_HD_Video_Player.framework; sourceTree = BUILT_PRODUCTS_DIR; };
/* End PBXFileReference section */

/* Begin PBXFrameworksBuildPhase section */
		22BE8A1B272AC8C300539161 /* Frameworks */ = {
			isa = PBXFrameworksBuildPhase;
			buildActionMask = 2147483647;
			files = (
				7B3B90D3B052CA1162C75269 /* Pods_HD_Video_Player.framework in Frameworks */,
			);
			runOnlyForDeploymentPostprocessing = 0;
		};
/* End PBXFrameworksBuildPhase section */

/* Begin PBXGroup section */
		2249CC41272BD4420067A98D /* Model */ = {
			isa = PBXGroup;
			children = (
				22FD1DEF27607932005C4367 /* Model.swift */,
			);
			path = Model;
			sourceTree = "<group>";
		};
		2249CC42272BD4560067A98D /* View */ = {
			isa = PBXGroup;
			children = (
				22BE8A27272AC8C300539161 /* Main.storyboard */,
				2222037C272C1DEC00D08C2E /* HideVideoViewController.xib */,
				22BE8A2A272AC8C400539161 /* Assets.xcassets */,
				22BE8A2C272AC8C400539161 /* LaunchScreen.storyboard */,
			);
			path = View;
			sourceTree = "<group>";
		};
		2249CC43272BD45C0067A98D /* Controller */ = {
			isa = PBXGroup;
			children = (
				22CD5CCF272BEBB600E5935A /* ManuCell */,
				22A41E3A272BF606000B760C /* TabBarController */,
			);
			path = Controller;
			sourceTree = "<group>";
		};
		22A41E3A272BF606000B760C /* TabBarController */ = {
			isa = PBXGroup;
			children = (
				2249CC23272BB47C0067A98D /* MainTabBarViewController.swift */,
				2222037B272C1DEC00D08C2E /* HideVideoViewController.swift */,
				2249CC46272BD5790067A98D /* VideoViewController.swift */,
				2249CC49272BD5A00067A98D /* FolderViewController.swift */,
				2249CC4C272BD5EF0067A98D /* RecentViewController.swift */,
			);
			path = TabBarController;
			sourceTree = "<group>";
		};
		22BE8A15272AC8C300539161 = {
			isa = PBXGroup;
			children = (
				22BE8A20272AC8C300539161 /* HD Video Player */,
				22BE8A1F272AC8C300539161 /* Products */,
				8A4411F8C664CE2AD4AB0981 /* Pods */,
				841C151815159A3E5D3858EB /* Frameworks */,
			);
			sourceTree = "<group>";
		};
		22BE8A1F272AC8C300539161 /* Products */ = {
			isa = PBXGroup;
			children = (
				22BE8A1E272AC8C300539161 /* HD Video Player.app */,
			);
			name = Products;
			sourceTree = "<group>";
		};
		22BE8A20272AC8C300539161 /* HD Video Player */ = {
			isa = PBXGroup;
			children = (
				22BE8A21272AC8C300539161 /* AppDelegate.swift */,
				22BE8A23272AC8C300539161 /* SceneDelegate.swift */,
				2249CC41272BD4420067A98D /* Model */,
				2249CC43272BD45C0067A98D /* Controller */,
				2249CC42272BD4560067A98D /* View */,
				22BE8A2F272AC8C400539161 /* Info.plist */,
			);
			path = "HD Video Player";
			sourceTree = "<group>";
		};
		22CD5CCF272BEBB600E5935A /* ManuCell */ = {
			isa = PBXGroup;
			children = (
				22CD5CC6272BEB8A00E5935A /* VideoViewCell.swift */,
				22CD5CC9272BEB9F00E5935A /* FolderViewCell.swift */,
				22220376272C1D9C00D08C2E /* MenuItemController.swift */,
				2222038B272C21B900D08C2E /* ManuViewController.swift */,
				22CD5CCC272BEBAB00E5935A /* RecentViewCell.swift */,
			);
			path = ManuCell;
			sourceTree = "<group>";
		};
		841C151815159A3E5D3858EB /* Frameworks */ = {
			isa = PBXGroup;
			children = (
				F2D0ABFBFC6F187AEF852798 /* Pods_HD_Video_Player.framework */,
			);
			name = Frameworks;
			sourceTree = "<group>";
		};
		8A4411F8C664CE2AD4AB0981 /* Pods */ = {
			isa = PBXGroup;
			children = (
				8CF525B18247C157F137A1BD /* Pods-HD Video Player.debug.xcconfig */,
				1283BCE52EB52192F3CBF410 /* Pods-HD Video Player.release.xcconfig */,
			);
			path = Pods;
			sourceTree = "<group>";
		};
/* End PBXGroup section */

/* Begin PBXNativeTarget section */
		22BE8A1D272AC8C300539161 /* HD Video Player */ = {
			isa = PBXNativeTarget;
			buildConfigurationList = 22BE8A32272AC8C400539161 /* Build configuration list for PBXNativeTarget "HD Video Player" */;
			buildPhases = (
				B28D66A31E97A8B77E48978C /* [CP] Check Pods Manifest.lock */,
				22BE8A1A272AC8C300539161 /* Sources */,
				22BE8A1B272AC8C300539161 /* Frameworks */,
				22BE8A1C272AC8C300539161 /* Resources */,
				03A429957AE4D4D26F4CBD84 /* [CP] Embed Pods Frameworks */,
			);
			buildRules = (
			);
			dependencies = (
			);
			name = "HD Video Player";
			productName = "HD Video Player";
			productReference = 22BE8A1E272AC8C300539161 /* HD Video Player.app */;
			productType = "com.apple.product-type.application";
		};
/* End PBXNativeTarget section */

/* Begin PBXProject section */
		22BE8A16272AC8C300539161 /* Project object */ = {
			isa = PBXProject;
			attributes = {
				LastSwiftUpdateCheck = 1230;
				LastUpgradeCheck = 1230;
				TargetAttributes = {
					22BE8A1D272AC8C300539161 = {
						CreatedOnToolsVersion = 12.3;
					};
				};
			};
			buildConfigurationList = 22BE8A19272AC8C300539161 /* Build configuration list for PBXProject "HD Video Player" */;
			compatibilityVersion = "Xcode 9.3";
			developmentRegion = en;
			hasScannedForEncodings = 0;
			knownRegions = (
				en,
				Base,
			);
			mainGroup = 22BE8A15272AC8C300539161;
			productRefGroup = 22BE8A1F272AC8C300539161 /* Products */;
			projectDirPath = "";
			projectRoot = "";
			targets = (
				22BE8A1D272AC8C300539161 /* HD Video Player */,
			);
		};
/* End PBXProject section */

/* Begin PBXResourcesBuildPhase section */
		22BE8A1C272AC8C300539161 /* Resources */ = {
			isa = PBXResourcesBuildPhase;
			buildActionMask = 2147483647;
			files = (
				22BE8A2E272AC8C400539161 /* LaunchScreen.storyboard in Resources */,
				2222037E272C1DEC00D08C2E /* HideVideoViewController.xib in Resources */,
				22BE8A2B272AC8C400539161 /* Assets.xcassets in Resources */,
				22BE8A29272AC8C300539161 /* Main.storyboard in Resources */,
			);
			runOnlyForDeploymentPostprocessing = 0;
		};
/* End PBXResourcesBuildPhase section */

/* Begin PBXShellScriptBuildPhase section */
		03A429957AE4D4D26F4CBD84 /* [CP] Embed Pods Frameworks */ = {
			isa = PBXShellScriptBuildPhase;
			buildActionMask = 2147483647;
			files = (
			);
			inputFileListPaths = (
				"${PODS_ROOT}/Target Support Files/Pods-HD Video Player/Pods-HD Video Player-frameworks-${CONFIGURATION}-input-files.xcfilelist",
			);
			name = "[CP] Embed Pods Frameworks";
			outputFileListPaths = (
				"${PODS_ROOT}/Target Support Files/Pods-HD Video Player/Pods-HD Video Player-frameworks-${CONFIGURATION}-output-files.xcfilelist",
			);
			runOnlyForDeploymentPostprocessing = 0;
			shellPath = /bin/sh;
			shellScript = "\"${PODS_ROOT}/Target Support Files/Pods-HD Video Player/Pods-HD Video Player-frameworks.sh\"\n";
			showEnvVarsInLog = 0;
		};
		B28D66A31E97A8B77E48978C /* [CP] Check Pods Manifest.lock */ = {
			isa = PBXShellScriptBuildPhase;
			buildActionMask = 2147483647;
			files = (
			);
			inputFileListPaths = (
			);
			inputPaths = (
				"${PODS_PODFILE_DIR_PATH}/Podfile.lock",
				"${PODS_ROOT}/Manifest.lock",
			);
			name = "[CP] Check Pods Manifest.lock";
			outputFileListPaths = (
			);
			outputPaths = (
				"$(DERIVED_FILE_DIR)/Pods-HD Video Player-checkManifestLockResult.txt",
			);
			runOnlyForDeploymentPostprocessing = 0;
			shellPath = /bin/sh;
			shellScript = "diff \"${PODS_PODFILE_DIR_PATH}/Podfile.lock\" \"${PODS_ROOT}/Manifest.lock\" > /dev/null\nif [ $? != 0 ] ; then\n    # print error to STDERR\n    echo \"error: The sandbox is not in sync with the Podfile.lock. Run 'pod install' or update your CocoaPods installation.\" >&2\n    exit 1\nfi\n# This output is used by Xcode 'outputs' to avoid re-running this script phase.\necho \"SUCCESS\" > \"${SCRIPT_OUTPUT_FILE_0}\"\n";
			showEnvVarsInLog = 0;
		};
/* End PBXShellScriptBuildPhase section */

/* Begin PBXSourcesBuildPhase section */
		22BE8A1A272AC8C300539161 /* Sources */ = {
			isa = PBXSourcesBuildPhase;
			buildActionMask = 2147483647;
			files = (
				2249CC24272BB47C0067A98D /* MainTabBarViewController.swift in Sources */,
				2222037D272C1DEC00D08C2E /* HideVideoViewController.swift in Sources */,
				2249CC4A272BD5A00067A98D /* FolderViewController.swift in Sources */,
				22CD5CC7272BEB8A00E5935A /* VideoViewCell.swift in Sources */,
				22BE8A22272AC8C300539161 /* AppDelegate.swift in Sources */,
				2249CC4D272BD5EF0067A98D /* RecentViewController.swift in Sources */,
				22FD1DF027607932005C4367 /* Model.swift in Sources */,
				2249CC47272BD5790067A98D /* VideoViewController.swift in Sources */,
				22CD5CCA272BEB9F00E5935A /* FolderViewCell.swift in Sources */,
				22220378272C1D9C00D08C2E /* MenuItemController.swift in Sources */,
				22CD5CCD272BEBAB00E5935A /* RecentViewCell.swift in Sources */,
				22BE8A24272AC8C300539161 /* SceneDelegate.swift in Sources */,
				2222038C272C21B900D08C2E /* ManuViewController.swift in Sources */,
			);
			runOnlyForDeploymentPostprocessing = 0;
		};
/* End PBXSourcesBuildPhase section */

/* Begin PBXVariantGroup section */
		22BE8A27272AC8C300539161 /* Main.storyboard */ = {
			isa = PBXVariantGroup;
			children = (
				22BE8A28272AC8C300539161 /* Base */,
			);
			name = Main.storyboard;
			sourceTree = "<group>";
		};
		22BE8A2C272AC8C400539161 /* LaunchScreen.storyboard */ = {
			isa = PBXVariantGroup;
			children = (
				22BE8A2D272AC8C400539161 /* Base */,
			);
			name = LaunchScreen.storyboard;
			sourceTree = "<group>";
		};
/* End PBXVariantGroup section */

/* Begin XCBuildConfiguration section */
		22BE8A30272AC8C400539161 /* Debug */ = {
			isa = XCBuildConfiguration;
			buildSettings = {
				ALWAYS_SEARCH_USER_PATHS = NO;
				CLANG_ANALYZER_NONNULL = YES;
				CLANG_ANALYZER_NUMBER_OBJECT_CONVERSION = YES_AGGRESSIVE;
				CLANG_CXX_LANGUAGE_STANDARD = "gnu++14";
				CLANG_CXX_LIBRARY = "libc++";
				CLANG_ENABLE_MODULES = YES;
				CLANG_ENABLE_OBJC_ARC = YES;
				CLANG_ENABLE_OBJC_WEAK = YES;
				CLANG_WARN_BLOCK_CAPTURE_AUTORELEASING = YES;
				CLANG_WARN_BOOL_CONVERSION = YES;
				CLANG_WARN_COMMA = YES;
				CLANG_WARN_CONSTANT_CONVERSION = YES;
				CLANG_WARN_DEPRECATED_OBJC_IMPLEMENTATIONS = YES;
				CLANG_WARN_DIRECT_OBJC_ISA_USAGE = YES_ERROR;
				CLANG_WARN_DOCUMENTATION_COMMENTS = YES;
				CLANG_WARN_EMPTY_BODY = YES;
				CLANG_WARN_ENUM_CONVERSION = YES;
				CLANG_WARN_INFINITE_RECURSION = YES;
				CLANG_WARN_INT_CONVERSION = YES;
				CLANG_WARN_NON_LITERAL_NULL_CONVERSION = YES;
				CLANG_WARN_OBJC_IMPLICIT_RETAIN_SELF = YES;
				CLANG_WARN_OBJC_LITERAL_CONVERSION = YES;
				CLANG_WARN_OBJC_ROOT_CLASS = YES_ERROR;
				CLANG_WARN_QUOTED_INCLUDE_IN_FRAMEWORK_HEADER = YES;
				CLANG_WARN_RANGE_LOOP_ANALYSIS = YES;
				CLANG_WARN_STRICT_PROTOTYPES = YES;
				CLANG_WARN_SUSPICIOUS_MOVE = YES;
				CLANG_WARN_UNGUARDED_AVAILABILITY = YES_AGGRESSIVE;
				CLANG_WARN_UNREACHABLE_CODE = YES;
				CLANG_WARN__DUPLICATE_METHOD_MATCH = YES;
				COPY_PHASE_STRIP = NO;
				DEBUG_INFORMATION_FORMAT = dwarf;
				ENABLE_STRICT_OBJC_MSGSEND = YES;
				ENABLE_TESTABILITY = YES;
				GCC_C_LANGUAGE_STANDARD = gnu11;
				GCC_DYNAMIC_NO_PIC = NO;
				GCC_NO_COMMON_BLOCKS = YES;
				GCC_OPTIMIZATION_LEVEL = 0;
				GCC_PREPROCESSOR_DEFINITIONS = (
					"DEBUG=1",
					"$(inherited)",
				);
				GCC_WARN_64_TO_32_BIT_CONVERSION = YES;
				GCC_WARN_ABOUT_RETURN_TYPE = YES_ERROR;
				GCC_WARN_UNDECLARED_SELECTOR = YES;
				GCC_WARN_UNINITIALIZED_AUTOS = YES_AGGRESSIVE;
				GCC_WARN_UNUSED_FUNCTION = YES;
				GCC_WARN_UNUSED_VARIABLE = YES;
				IPHONEOS_DEPLOYMENT_TARGET = 14.3;
				MTL_ENABLE_DEBUG_INFO = INCLUDE_SOURCE;
				MTL_FAST_MATH = YES;
				ONLY_ACTIVE_ARCH = YES;
				SDKROOT = iphoneos;
				SWIFT_ACTIVE_COMPILATION_CONDITIONS = DEBUG;
				SWIFT_OPTIMIZATION_LEVEL = "-Onone";
			};
			name = Debug;
		};
		22BE8A31272AC8C400539161 /* Release */ = {
			isa = XCBuildConfiguration;
			buildSettings = {
				ALWAYS_SEARCH_USER_PATHS = NO;
				CLANG_ANALYZER_NONNULL = YES;
				CLANG_ANALYZER_NUMBER_OBJECT_CONVERSION = YES_AGGRESSIVE;
				CLANG_CXX_LANGUAGE_STANDARD = "gnu++14";
				CLANG_CXX_LIBRARY = "libc++";
				CLANG_ENABLE_MODULES = YES;
				CLANG_ENABLE_OBJC_ARC = YES;
				CLANG_ENABLE_OBJC_WEAK = YES;
				CLANG_WARN_BLOCK_CAPTURE_AUTORELEASING = YES;
				CLANG_WARN_BOOL_CONVERSION = YES;
				CLANG_WARN_COMMA = YES;
				CLANG_WARN_CONSTANT_CONVERSION = YES;
				CLANG_WARN_DEPRECATED_OBJC_IMPLEMENTATIONS = YES;
				CLANG_WARN_DIRECT_OBJC_ISA_USAGE = YES_ERROR;
				CLANG_WARN_DOCUMENTATION_COMMENTS = YES;
				CLANG_WARN_EMPTY_BODY = YES;
				CLANG_WARN_ENUM_CONVERSION = YES;
				CLANG_WARN_INFINITE_RECURSION = YES;
				CLANG_WARN_INT_CONVERSION = YES;
				CLANG_WARN_NON_LITERAL_NULL_CONVERSION = YES;
				CLANG_WARN_OBJC_IMPLICIT_RETAIN_SELF = YES;
				CLANG_WARN_OBJC_LITERAL_CONVERSION = YES;
				CLANG_WARN_OBJC_ROOT_CLASS = YES_ERROR;
				CLANG_WARN_QUOTED_INCLUDE_IN_FRAMEWORK_HEADER = YES;
				CLANG_WARN_RANGE_LOOP_ANALYSIS = YES;
				CLANG_WARN_STRICT_PROTOTYPES = YES;
				CLANG_WARN_SUSPICIOUS_MOVE = YES;
				CLANG_WARN_UNGUARDED_AVAILABILITY = YES_AGGRESSIVE;
				CLANG_WARN_UNREACHABLE_CODE = YES;
				CLANG_WARN__DUPLICATE_METHOD_MATCH = YES;
				COPY_PHASE_STRIP = NO;
				DEBUG_INFORMATION_FORMAT = "dwarf-with-dsym";
				ENABLE_NS_ASSERTIONS = NO;
				ENABLE_STRICT_OBJC_MSGSEND = YES;
				GCC_C_LANGUAGE_STANDARD = gnu11;
				GCC_NO_COMMON_BLOCKS = YES;
				GCC_WARN_64_TO_32_BIT_CONVERSION = YES;
				GCC_WARN_ABOUT_RETURN_TYPE = YES_ERROR;
				GCC_WARN_UNDECLARED_SELECTOR = YES;
				GCC_WARN_UNINITIALIZED_AUTOS = YES_AGGRESSIVE;
				GCC_WARN_UNUSED_FUNCTION = YES;
				GCC_WARN_UNUSED_VARIABLE = YES;
				IPHONEOS_DEPLOYMENT_TARGET = 14.3;
				MTL_ENABLE_DEBUG_INFO = NO;
				MTL_FAST_MATH = YES;
				SDKROOT = iphoneos;
				SWIFT_COMPILATION_MODE = wholemodule;
				SWIFT_OPTIMIZATION_LEVEL = "-O";
				VALIDATE_PRODUCT = YES;
			};
			name = Release;
		};
		22BE8A33272AC8C400539161 /* Debug */ = {
			isa = XCBuildConfiguration;
			baseConfigurationReference = 8CF525B18247C157F137A1BD /* Pods-HD Video Player.debug.xcconfig */;
			buildSettings = {
				ASSETCATALOG_COMPILER_APPICON_NAME = AppIcon;
				ASSETCATALOG_COMPILER_GLOBAL_ACCENT_COLOR_NAME = AccentColor;
				CODE_SIGN_STYLE = Automatic;
				INFOPLIST_FILE = "HD Video Player/Info.plist";
				LD_RUNPATH_SEARCH_PATHS = (
					"$(inherited)",
					"@executable_path/Frameworks",
				);
				PRODUCT_BUNDLE_IDENTIFIER = "com.app.HD-Video-Player";
				PRODUCT_NAME = "$(TARGET_NAME)";
				SWIFT_VERSION = 5.0;
				TARGETED_DEVICE_FAMILY = "1,2";
			};
			name = Debug;
		};
		22BE8A34272AC8C400539161 /* Release */ = {
			isa = XCBuildConfiguration;
			baseConfigurationReference = 1283BCE52EB52192F3CBF410 /* Pods-HD Video Player.release.xcconfig */;
			buildSettings = {
				ASSETCATALOG_COMPILER_APPICON_NAME = AppIcon;
				ASSETCATALOG_COMPILER_GLOBAL_ACCENT_COLOR_NAME = AccentColor;
				CODE_SIGN_STYLE = Automatic;
				INFOPLIST_FILE = "HD Video Player/Info.plist";
				LD_RUNPATH_SEARCH_PATHS = (
					"$(inherited)",
					"@executable_path/Frameworks",
				);
				PRODUCT_BUNDLE_IDENTIFIER = "com.app.HD-Video-Player";
				PRODUCT_NAME = "$(TARGET_NAME)";
				SWIFT_VERSION = 5.0;
				TARGETED_DEVICE_FAMILY = "1,2";
			};
			name = Release;
		};
/* End XCBuildConfiguration section */

/* Begin XCConfigurationList section */
		22BE8A19272AC8C300539161 /* Build configuration list for PBXProject "HD Video Player" */ = {
			isa = XCConfigurationList;
			buildConfigurations = (
				22BE8A30272AC8C400539161 /* Debug */,
				22BE8A31272AC8C400539161 /* Release */,
			);
			defaultConfigurationIsVisible = 0;
			defaultConfigurationName = Release;
		};
		22BE8A32272AC8C400539161 /* Build configuration list for PBXNativeTarget "HD Video Player" */ = {
			isa = XCConfigurationList;
			buildConfigurations = (
				22BE8A33272AC8C400539161 /* Debug */,
				22BE8A34272AC8C400539161 /* Release */,
			);
			defaultConfigurationIsVisible = 0;
			defaultConfigurationName = Release;
		};
/* End XCConfigurationList section */
	};
	rootObject = 22BE8A16272AC8C300539161 /* Project object */;
}
